
Microsoft Visual Studio Solution File, Format Version 12.00
# Visual Studio Version 17
VisualStudioVersion = 17.1.31911.260
MinimumVisualStudioVersion = 10.0.40219.1
Project("{9A19103F-16F7-4668-BE54-9A1E7A4F7556}") = "Web", "Web\Web.csproj", "{6FAC2AF8-E9B2-424C-B084-AC9A2918948A}"
EndProject
Project("{9A19103F-16F7-4668-BE54-9A1E7A4F7556}") = "Adapters", "Adapters\Adapters.csproj", "{50FA3551-FCC1-46EE-9A03-CC3CCBE67225}"
EndProject
Project("{9A19103F-16F7-4668-BE54-9A1E7A4F7556}") = "Core", "Core\Core.csproj", "{BAADE704-FB99-4460-8B64-18296AE956DF}"
EndProject
Project("{9A19103F-16F7-4668-BE54-9A1E7A4F7556}") = "Db", "Db\Db.csproj", "{A3AEB0C0-4F41-4276-B840-AF432E3D24C2}"
EndProject
Global
	GlobalSection(SolutionConfigurationPlatforms) = preSolution
		Debug|Any CPU = Debug|Any CPU
		Release|Any CPU = Release|Any CPU
	EndGlobalSection
	GlobalSection(ProjectConfigurationPlatforms) = postSolution
		{6FAC2AF8-E9B2-424C-B084-AC9A2918948A}.Debug|Any CPU.ActiveCfg = Debug|Any CPU
		{6FAC2AF8-E9B2-424C-B084-AC9A2918948A}.Debug|Any CPU.Build.0 = Debug|Any CPU
		{6FAC2AF8-E9B2-424C-B084-AC9A2918948A}.Release|Any CPU.ActiveCfg = Release|Any CPU
		{6FAC2AF8-E9B2-424C-B084-AC9A2918948A}.Release|Any CPU.Build.0 = Release|Any CPU
		{50FA3551-FCC1-46EE-9A03-CC3CCBE67225}.Debug|Any CPU.ActiveCfg = Debug|Any CPU
		{50FA3551-FCC1-46EE-9A03-CC3CCBE67225}.Debug|Any CPU.Build.0 = Debug|Any CPU
		{50FA3551-FCC1-46EE-9A03-CC3CCBE67225}.Release|Any CPU.ActiveCfg = Release|Any CPU
		{50FA3551-FCC1-46EE-9A03-CC3CCBE67225}.Release|Any CPU.Build.0 = Release|Any CPU
		{BAADE704-FB99-4460-8B64-18296AE956DF}.Debug|Any CPU.ActiveCfg = Debug|Any CPU
		{BAADE704-FB99-4460-8B64-18296AE956DF}.Debug|Any CPU.Build.0 = Debug|Any CPU
		{BAADE704-FB99-4460-8B64-18296AE956DF}.Release|Any CPU.ActiveCfg = Release|Any CPU
		{BAADE704-FB99-4460-8B64-18296AE956DF}.Release|Any CPU.Build.0 = Release|Any CPU
		{A3AEB0C0-4F41-4276-B840-AF432E3D24C2}.Debug|Any CPU.ActiveCfg = Debug|Any CPU
		{A3AEB0C0-4F41-4276-B840-AF432E3D24C2}.Debug|Any CPU.Build.0 = Debug|Any CPU
		{A3AEB0C0-4F41-4276-B840-AF432E3D24C2}.Release|Any CPU.ActiveCfg = Release|Any CPU
		{A3AEB0C0-4F41-4276-B840-AF432E3D24C2}.Release|Any CPU.Build.0 = Release|Any CPU
	EndGlobalSection
	GlobalSection(SolutionProperties) = preSolution
		HideSolutionNode = FALSE
	EndGlobalSection
	GlobalSection(ExtensibilityGlobals) = postSolution
		SolutionGuid = {C06C51DE-C20A-42EF-9888-D7036893957B}
	EndGlobalSection
EndGlobal
